
Microsoft Visual Studio Solution File, Format Version 12.00
# Visual Studio Version 16
VisualStudioVersion = 16.0.31829.152
MinimumVisualStudioVersion = 10.0.40219.1
Project("{E24C65DC-7377-472B-9ABA-BC803B73C61A}") = "Program_1_Login_Form", ".", "{87CDF880-7184-4F22-B3A9-1A92DBD6E002}"
	ProjectSection(WebsiteProperties) = preProject
		TargetFrameworkMoniker = ".NETFramework,Version%3Dv4.7.2"
		Debug.AspNetCompiler.VirtualPath = "/localhost_64590"
		Debug.AspNetCompiler.PhysicalPath = "..\Program_1_Login_Form\"
		Debug.AspNetCompiler.TargetPath = "PrecompiledWeb\localhost_64590\"
		Debug.AspNetCompiler.Updateable = "true"
		Debug.AspNetCompiler.ForceOverwrite = "true"
		Debug.AspNetCompiler.FixedNames = "false"
		Debug.AspNetCompiler.Debug = "True"
		Release.AspNetCompiler.VirtualPath = "/localhost_64590"
		Release.AspNetCompiler.PhysicalPath = "..\Program_1_Login_Form\"
		Release.AspNetCompiler.TargetPath = "PrecompiledWeb\localhost_64590\"
		Release.AspNetCompiler.Updateable = "true"
		Release.AspNetCompiler.ForceOverwrite = "true"
		Release.AspNetCompiler.FixedNames = "false"
		Release.AspNetCompiler.Debug = "False"
		VWDPort = "64590"
		SlnRelativePath = "..\Program_1_Login_Form\"
		DefaultWebSiteLanguage = "Visual C#"
	EndProjectSection
EndProject
Global
	GlobalSection(SolutionConfigurationPlatforms) = preSolution
		Debug|Any CPU = Debug|Any CPU
	EndGlobalSection
	GlobalSection(ProjectConfigurationPlatforms) = postSolution
		{87CDF880-7184-4F22-B3A9-1A92DBD6E002}.Debug|Any CPU.ActiveCfg = Debug|Any CPU
		{87CDF880-7184-4F22-B3A9-1A92DBD6E002}.Debug|Any CPU.Build.0 = Debug|Any CPU
	EndGlobalSection
	GlobalSection(SolutionProperties) = preSolution
		HideSolutionNode = FALSE
	EndGlobalSection
	GlobalSection(ExtensibilityGlobals) = postSolution
		SolutionGuid = {CB4555C7-C175-4EB6-A999-E5021B487EF3}
	EndGlobalSection
EndGlobal
