
Microsoft Visual Studio Solution File, Format Version 12.00
# Visual Studio Version 16
VisualStudioVersion = 16.0.31829.152
MinimumVisualStudioVersion = 10.0.40219.1
Project("{FAE04EC0-301F-11D3-BF4B-00C04F79EFBC}") = "FourthDay_Assignment4_Program0_FIleHandling", "FourthDay_Assignment4_Program0_FIleHandling.csproj", "{580F7C6C-0670-4844-9C8E-04D18AD81FB0}"
EndProject
Global
	GlobalSection(SolutionConfigurationPlatforms) = preSolution
		Debug|Any CPU = Debug|Any CPU
		Release|Any CPU = Release|Any CPU
	EndGlobalSection
	GlobalSection(ProjectConfigurationPlatforms) = postSolution
		{580F7C6C-0670-4844-9C8E-04D18AD81FB0}.Debug|Any CPU.ActiveCfg = Debug|Any CPU
		{580F7C6C-0670-4844-9C8E-04D18AD81FB0}.Debug|Any CPU.Build.0 = Debug|Any CPU
		{580F7C6C-0670-4844-9C8E-04D18AD81FB0}.Release|Any CPU.ActiveCfg = Release|Any CPU
		{580F7C6C-0670-4844-9C8E-04D18AD81FB0}.Release|Any CPU.Build.0 = Release|Any CPU
	EndGlobalSection
	GlobalSection(SolutionProperties) = preSolution
		HideSolutionNode = FALSE
	EndGlobalSection
	GlobalSection(ExtensibilityGlobals) = postSolution
		SolutionGuid = {572900F0-7D0A-4F44-8643-4AA4D164BB9D}
	EndGlobalSection
EndGlobal
