
Microsoft Visual Studio Solution File, Format Version 12.00
# Visual Studio Version 16
VisualStudioVersion = 16.0.31829.152
MinimumVisualStudioVersion = 10.0.40219.1
Project("{FAE04EC0-301F-11D3-BF4B-00C04F79EFBC}") = "ThirdDay_Assignment3_Program3_Interface", "ThirdDay_Assignment3_Program3_Interface.csproj", "{8BEE8A8D-63DA-4F84-B316-6A5524B183FC}"
EndProject
Global
	GlobalSection(SolutionConfigurationPlatforms) = preSolution
		Debug|Any CPU = Debug|Any CPU
		Release|Any CPU = Release|Any CPU
	EndGlobalSection
	GlobalSection(ProjectConfigurationPlatforms) = postSolution
		{8BEE8A8D-63DA-4F84-B316-6A5524B183FC}.Debug|Any CPU.ActiveCfg = Debug|Any CPU
		{8BEE8A8D-63DA-4F84-B316-6A5524B183FC}.Debug|Any CPU.Build.0 = Debug|Any CPU
		{8BEE8A8D-63DA-4F84-B316-6A5524B183FC}.Release|Any CPU.ActiveCfg = Release|Any CPU
		{8BEE8A8D-63DA-4F84-B316-6A5524B183FC}.Release|Any CPU.Build.0 = Release|Any CPU
	EndGlobalSection
	GlobalSection(SolutionProperties) = preSolution
		HideSolutionNode = FALSE
	EndGlobalSection
	GlobalSection(ExtensibilityGlobals) = postSolution
		SolutionGuid = {5AECF5E7-DBB6-493C-82DB-539D9F76E663}
	EndGlobalSection
EndGlobal
